
Microsoft Visual Studio Solution File, Format Version 12.00
# Visual Studio Version 18
VisualStudioVersion = 18.4.11626.88 stable
MinimumVisualStudioVersion = 10.0.40219.1
Project("{FAE04EC0-301F-11D3-BF4B-00C04F79EFBC}") = "FileCarverNet.ConsoleApp", "srt4dvd.ConsoleApp\srt4dvd.ConsoleApp.csproj", "{4251068C-24F2-40C0-8837-D7BA150FBB86}"
EndProject
Project("{FAE04EC0-301F-11D3-BF4B-00C04F79EFBC}") = "FileCarverNet.Services", "srt4dvd.Services\srt4dvd.Services.csproj", "{45D394D5-E524-422D-B1C8-50EB894D2938}"
EndProject
Global
	GlobalSection(SolutionConfigurationPlatforms) = preSolution
		Debug|Any CPU = Debug|Any CPU
		Release|Any CPU = Release|Any CPU
	EndGlobalSection
	GlobalSection(ProjectConfigurationPlatforms) = postSolution
		{4251068C-24F2-40C0-8837-D7BA150FBB86}.Debug|Any CPU.ActiveCfg = Debug|Any CPU
		{4251068C-24F2-40C0-8837-D7BA150FBB86}.Debug|Any CPU.Build.0 = Debug|Any CPU
		{4251068C-24F2-40C0-8837-D7BA150FBB86}.Release|Any CPU.ActiveCfg = Release|Any CPU
		{4251068C-24F2-40C0-8837-D7BA150FBB86}.Release|Any CPU.Build.0 = Release|Any CPU
		{45D394D5-E524-422D-B1C8-50EB894D2938}.Debug|Any CPU.ActiveCfg = Debug|Any CPU
		{45D394D5-E524-422D-B1C8-50EB894D2938}.Debug|Any CPU.Build.0 = Debug|Any CPU
		{45D394D5-E524-422D-B1C8-50EB894D2938}.Release|Any CPU.ActiveCfg = Release|Any CPU
		{45D394D5-E524-422D-B1C8-50EB894D2938}.Release|Any CPU.Build.0 = Release|Any CPU
	EndGlobalSection
	GlobalSection(SolutionProperties) = preSolution
		HideSolutionNode = FALSE
	EndGlobalSection
	GlobalSection(ExtensibilityGlobals) = postSolution
		SolutionGuid = {BAA58F0F-7D52-46C8-8D4C-31954645D4B0}
	EndGlobalSection
EndGlobal
